
Microsoft Visual Studio Solution File, Format Version 12.00
# Visual Studio Version 16
VisualStudioVersion = 16.0.29613.14
MinimumVisualStudioVersion = 10.0.40219.1
Project("{FAE04EC0-301F-11D3-BF4B-00C04F79EFBC}") = "Course", "Course\Course.csproj", "{56493B4A-9F45-45F6-947E-85A16819917C}"
EndProject
Global
	GlobalSection(SolutionConfigurationPlatforms) = preSolution
		Debug|Any CPU = Debug|Any CPU
		Release|Any CPU = Release|Any CPU
	EndGlobalSection
	GlobalSection(ProjectConfigurationPlatforms) = postSolution
		{56493B4A-9F45-45F6-947E-85A16819917C}.Debug|Any CPU.ActiveCfg = Debug|Any CPU
		{56493B4A-9F45-45F6-947E-85A16819917C}.Debug|Any CPU.Build.0 = Debug|Any CPU
		{56493B4A-9F45-45F6-947E-85A16819917C}.Release|Any CPU.ActiveCfg = Release|Any CPU
		{56493B4A-9F45-45F6-947E-85A16819917C}.Release|Any CPU.Build.0 = Release|Any CPU
	EndGlobalSection
	GlobalSection(SolutionProperties) = preSolution
		HideSolutionNode = FALSE
	EndGlobalSection
	GlobalSection(ExtensibilityGlobals) = postSolution
		SolutionGuid = {96BAF7F4-AE85-442E-9146-42C5B04708DF}
	EndGlobalSection
EndGlobal
