
Microsoft Visual Studio Solution File, Format Version 12.00
# Visual Studio Version 16
VisualStudioVersion = 16.0.29613.14
MinimumVisualStudioVersion = 10.0.40219.1
Project("{FAE04EC0-301F-11D3-BF4B-00C04F79EFBC}") = "Course", "Course\Course.csproj", "{CA5B4A57-2096-49BA-AA6C-F167B6CCE303}"
EndProject
Global
	GlobalSection(SolutionConfigurationPlatforms) = preSolution
		Debug|Any CPU = Debug|Any CPU
		Release|Any CPU = Release|Any CPU
	EndGlobalSection
	GlobalSection(ProjectConfigurationPlatforms) = postSolution
		{CA5B4A57-2096-49BA-AA6C-F167B6CCE303}.Debug|Any CPU.ActiveCfg = Debug|Any CPU
		{CA5B4A57-2096-49BA-AA6C-F167B6CCE303}.Debug|Any CPU.Build.0 = Debug|Any CPU
		{CA5B4A57-2096-49BA-AA6C-F167B6CCE303}.Release|Any CPU.ActiveCfg = Release|Any CPU
		{CA5B4A57-2096-49BA-AA6C-F167B6CCE303}.Release|Any CPU.Build.0 = Release|Any CPU
	EndGlobalSection
	GlobalSection(SolutionProperties) = preSolution
		HideSolutionNode = FALSE
	EndGlobalSection
	GlobalSection(ExtensibilityGlobals) = postSolution
		SolutionGuid = {E52ECE99-8FF7-47BE-BA36-A5351566DE9C}
	EndGlobalSection
EndGlobal
